
Microsoft Visual Studio Solution File, Format Version 12.00
# Visual Studio Version 17
VisualStudioVersion = 17.8.34322.80
MinimumVisualStudioVersion = 10.0.40219.1
Project("{9A19103F-16F7-4668-BE54-9A1E7A4F7556}") = "ToDo.Api", "ToDo\ToDo.Api.csproj", "{AAF09F41-66E8-42D7-92AA-5726DD21ED67}"
EndProject
Project("{2150E333-8FDC-42A3-9474-1A3956D46DE8}") = "01 - Api", "01 - Api", "{A3E92AB2-FF94-4C93-9D68-55EFF88CBE10}"
EndProject
Project("{2150E333-8FDC-42A3-9474-1A3956D46DE8}") = "02 - App", "02 - App", "{AE93A157-C3AC-40EF-ABB5-B3E57F274BC6}"
EndProject
Project("{2150E333-8FDC-42A3-9474-1A3956D46DE8}") = "03 - Domain", "03 - Domain", "{C9E4AA8D-FFAD-47C6-8E03-08DBE04EF496}"
EndProject
Project("{9A19103F-16F7-4668-BE54-9A1E7A4F7556}") = "ToDo.App", "ToDo.App\ToDo.App.csproj", "{15856E46-6F07-48A7-BAC0-7D269E297406}"
EndProject
Project("{9A19103F-16F7-4668-BE54-9A1E7A4F7556}") = "ToDo.Domain", "ToDo.Domain\ToDo.Domain.csproj", "{DBAADF1B-7045-4338-BEB6-54D2BDD77A93}"
EndProject
Project("{2150E333-8FDC-42A3-9474-1A3956D46DE8}") = "04 - Infra", "04 - Infra", "{3338DD1F-0BF7-457B-974B-C5CAA059EED9}"
EndProject
Project("{FAE04EC0-301F-11D3-BF4B-00C04F79EFBC}") = "ToDo.Infra", "ToDo.Infra\ToDo.Infra.csproj", "{12608C10-1870-4113-8537-6E49CC632016}"
EndProject
Global
	GlobalSection(SolutionConfigurationPlatforms) = preSolution
		Debug|Any CPU = Debug|Any CPU
		Release|Any CPU = Release|Any CPU
	EndGlobalSection
	GlobalSection(ProjectConfigurationPlatforms) = postSolution
		{AAF09F41-66E8-42D7-92AA-5726DD21ED67}.Debug|Any CPU.ActiveCfg = Debug|Any CPU
		{AAF09F41-66E8-42D7-92AA-5726DD21ED67}.Debug|Any CPU.Build.0 = Debug|Any CPU
		{AAF09F41-66E8-42D7-92AA-5726DD21ED67}.Release|Any CPU.ActiveCfg = Release|Any CPU
		{AAF09F41-66E8-42D7-92AA-5726DD21ED67}.Release|Any CPU.Build.0 = Release|Any CPU
		{15856E46-6F07-48A7-BAC0-7D269E297406}.Debug|Any CPU.ActiveCfg = Debug|Any CPU
		{15856E46-6F07-48A7-BAC0-7D269E297406}.Debug|Any CPU.Build.0 = Debug|Any CPU
		{15856E46-6F07-48A7-BAC0-7D269E297406}.Release|Any CPU.ActiveCfg = Release|Any CPU
		{15856E46-6F07-48A7-BAC0-7D269E297406}.Release|Any CPU.Build.0 = Release|Any CPU
		{DBAADF1B-7045-4338-BEB6-54D2BDD77A93}.Debug|Any CPU.ActiveCfg = Debug|Any CPU
		{DBAADF1B-7045-4338-BEB6-54D2BDD77A93}.Debug|Any CPU.Build.0 = Debug|Any CPU
		{DBAADF1B-7045-4338-BEB6-54D2BDD77A93}.Release|Any CPU.ActiveCfg = Release|Any CPU
		{DBAADF1B-7045-4338-BEB6-54D2BDD77A93}.Release|Any CPU.Build.0 = Release|Any CPU
		{12608C10-1870-4113-8537-6E49CC632016}.Debug|Any CPU.ActiveCfg = Debug|Any CPU
		{12608C10-1870-4113-8537-6E49CC632016}.Debug|Any CPU.Build.0 = Debug|Any CPU
		{12608C10-1870-4113-8537-6E49CC632016}.Release|Any CPU.ActiveCfg = Release|Any CPU
		{12608C10-1870-4113-8537-6E49CC632016}.Release|Any CPU.Build.0 = Release|Any CPU
	EndGlobalSection
	GlobalSection(SolutionProperties) = preSolution
		HideSolutionNode = FALSE
	EndGlobalSection
	GlobalSection(NestedProjects) = preSolution
		{AAF09F41-66E8-42D7-92AA-5726DD21ED67} = {A3E92AB2-FF94-4C93-9D68-55EFF88CBE10}
		{15856E46-6F07-48A7-BAC0-7D269E297406} = {AE93A157-C3AC-40EF-ABB5-B3E57F274BC6}
		{DBAADF1B-7045-4338-BEB6-54D2BDD77A93} = {C9E4AA8D-FFAD-47C6-8E03-08DBE04EF496}
		{12608C10-1870-4113-8537-6E49CC632016} = {3338DD1F-0BF7-457B-974B-C5CAA059EED9}
	EndGlobalSection
	GlobalSection(ExtensibilityGlobals) = postSolution
		SolutionGuid = {48DECC95-B18F-4E46-A8C0-24C58D99F01C}
	EndGlobalSection
EndGlobal
